
Microsoft Visual Studio Solution File, Format Version 12.00
# Visual Studio 15
VisualStudioVersion = 15.0.28307.421
MinimumVisualStudioVersion = 10.0.40219.1
Project("{9A19103F-16F7-4668-BE54-9A1E7A4F7556}") = "TripTracker.Console", "TripTracker\TripTracker.Console.csproj", "{56B89D78-A73F-4D2B-9828-876605E45A8A}"
EndProject
Project("{9A19103F-16F7-4668-BE54-9A1E7A4F7556}") = "TripTracker.Logic", "TripTracker.Logic\TripTracker.Logic.csproj", "{3F1E329D-7405-4CAA-8EB0-5BB2C9C687A9}"
EndProject
Project("{9A19103F-16F7-4668-BE54-9A1E7A4F7556}") = "TripTracker.Logic.Tests", "TripTracker.Logic.Tests\TripTracker.Logic.Tests.csproj", "{58827E6D-70C3-48F6-A5BE-6263A08E91EF}"
EndProject
Project("{2150E333-8FDC-42A3-9474-1A3956D46DE8}") = "Solution Items", "Solution Items", "{A3A1CA6D-1420-4533-9DE8-AD7B2C09D67B}"
	ProjectSection(SolutionItems) = preProject
		TripTracker\Test.txt = TripTracker\Test.txt
	EndProjectSection
EndProject
Project("{FAE04EC0-301F-11D3-BF4B-00C04F79EFBC}") = "TripTracker.Ninject", "TripTracker.Ninject\TripTracker.Ninject.csproj", "{7492F7D1-6D3C-4A96-9188-8D80B58336ED}"
EndProject
Global
	GlobalSection(SolutionConfigurationPlatforms) = preSolution
		Debug|Any CPU = Debug|Any CPU
		Release|Any CPU = Release|Any CPU
	EndGlobalSection
	GlobalSection(ProjectConfigurationPlatforms) = postSolution
		{56B89D78-A73F-4D2B-9828-876605E45A8A}.Debug|Any CPU.ActiveCfg = Debug|Any CPU
		{56B89D78-A73F-4D2B-9828-876605E45A8A}.Debug|Any CPU.Build.0 = Debug|Any CPU
		{56B89D78-A73F-4D2B-9828-876605E45A8A}.Release|Any CPU.ActiveCfg = Release|Any CPU
		{56B89D78-A73F-4D2B-9828-876605E45A8A}.Release|Any CPU.Build.0 = Release|Any CPU
		{3F1E329D-7405-4CAA-8EB0-5BB2C9C687A9}.Debug|Any CPU.ActiveCfg = Debug|Any CPU
		{3F1E329D-7405-4CAA-8EB0-5BB2C9C687A9}.Debug|Any CPU.Build.0 = Debug|Any CPU
		{3F1E329D-7405-4CAA-8EB0-5BB2C9C687A9}.Release|Any CPU.ActiveCfg = Release|Any CPU
		{3F1E329D-7405-4CAA-8EB0-5BB2C9C687A9}.Release|Any CPU.Build.0 = Release|Any CPU
		{58827E6D-70C3-48F6-A5BE-6263A08E91EF}.Debug|Any CPU.ActiveCfg = Debug|Any CPU
		{58827E6D-70C3-48F6-A5BE-6263A08E91EF}.Debug|Any CPU.Build.0 = Debug|Any CPU
		{58827E6D-70C3-48F6-A5BE-6263A08E91EF}.Release|Any CPU.ActiveCfg = Release|Any CPU
		{58827E6D-70C3-48F6-A5BE-6263A08E91EF}.Release|Any CPU.Build.0 = Release|Any CPU
		{7492F7D1-6D3C-4A96-9188-8D80B58336ED}.Debug|Any CPU.ActiveCfg = Debug|Any CPU
		{7492F7D1-6D3C-4A96-9188-8D80B58336ED}.Debug|Any CPU.Build.0 = Debug|Any CPU
		{7492F7D1-6D3C-4A96-9188-8D80B58336ED}.Release|Any CPU.ActiveCfg = Release|Any CPU
		{7492F7D1-6D3C-4A96-9188-8D80B58336ED}.Release|Any CPU.Build.0 = Release|Any CPU
	EndGlobalSection
	GlobalSection(SolutionProperties) = preSolution
		HideSolutionNode = FALSE
	EndGlobalSection
	GlobalSection(ExtensibilityGlobals) = postSolution
		SolutionGuid = {2DFBBA32-F469-47AD-BEA1-1AEB15FBC8D9}
	EndGlobalSection
EndGlobal
